// !$*UTF8*$!
{
	archiveVersion = 1;
	classes = {
	};
	objectVersion = 55;
	objects = {

/* Begin PBXBuildFile section */
		317BFA0628581DB100955E68 /* test_appApp.swift in Sources */ = {isa = PBXBuildFile; fileRef = 317BFA0528581DB100955E68 /* test_appApp.swift */; };
		317BFA0828581DB100955E68 /* ContentView.swift in Sources */ = {isa = PBXBuildFile; fileRef = 317BFA0728581DB100955E68 /* ContentView.swift */; };
		317BFA0A28581DB300955E68 /* Assets.xcassets in Resources */ = {isa = PBXBuildFile; fileRef = 317BFA0928581DB300955E68 /* Assets.xcassets */; };
		317BFA0D28581DB300955E68 /* Preview Assets.xcassets in Resources */ = {isa = PBXBuildFile; fileRef = 317BFA0C28581DB300955E68 /* Preview Assets.xcassets */; };
		317BFA1828581DB300955E68 /* test_appTests.swift in Sources */ = {isa = PBXBuildFile; fileRef = 317BFA1728581DB300955E68 /* test_appTests.swift */; };
		317BFA2228581DB300955E68 /* test_appUITests.swift in Sources */ = {isa = PBXBuildFile; fileRef = 317BFA2128581DB300955E68 /* test_appUITests.swift */; };
		317BFA2428581DB300955E68 /* test_appUITestsLaunchTests.swift in Sources */ = {isa = PBXBuildFile; fileRef = 317BFA2328581DB300955E68 /* test_appUITestsLaunchTests.swift */; };
/* End PBXBuildFile section */

/* Begin PBXContainerItemProxy section */
		317BFA1428581DB300955E68 /* PBXContainerItemProxy */ = {
			isa = PBXContainerItemProxy;
			containerPortal = 317BF9FA28581DB100955E68 /* Project object */;
			proxyType = 1;
			remoteGlobalIDString = 317BFA0128581DB100955E68;
			remoteInfo = "test-app";
		};
		317BFA1E28581DB300955E68 /* PBXContainerItemProxy */ = {
			isa = PBXContainerItemProxy;
			containerPortal = 317BF9FA28581DB100955E68 /* Project object */;
			proxyType = 1;
			remoteGlobalIDString = 317BFA0128581DB100955E68;
			remoteInfo = "test-app";
		};
/* End PBXContainerItemProxy section */

/* Begin PBXFileReference section */
		317BFA0228581DB100955E68 /* test-app.app */ = {isa = PBXFileReference; explicitFileType = wrapper.application; includeInIndex = 0; path = "test-app.app"; sourceTree = BUILT_PRODUCTS_DIR; };
		317BFA0528581DB100955E68 /* test_appApp.swift */ = {isa = PBXFileReference; lastKnownFileType = sourcecode.swift; path = test_appApp.swift; sourceTree = "<group>"; };
		317BFA0728581DB100955E68 /* ContentView.swift */ = {isa = PBXFileReference; lastKnownFileType = sourcecode.swift; path = ContentView.swift; sourceTree = "<group>"; };
		317BFA0928581DB300955E68 /* Assets.xcassets */ = {isa = PBXFileReference; lastKnownFileType = folder.assetcatalog; path = Assets.xcassets; sourceTree = "<group>"; };
		317BFA0C28581DB300955E68 /* Preview Assets.xcassets */ = {isa = PBXFileReference; lastKnownFileType = folder.assetcatalog; path = "Preview Assets.xcassets"; sourceTree = "<group>"; };
		317BFA0E28581DB300955E68 /* test_app.entitlements */ = {isa = PBXFileReference; lastKnownFileType = text.plist.entitlements; path = test_app.entitlements; sourceTree = "<group>"; };
		317BFA1328581DB300955E68 /* test-appTests.xctest */ = {isa = PBXFileReference; explicitFileType = wrapper.cfbundle; includeInIndex = 0; path = "test-appTests.xctest"; sourceTree = BUILT_PRODUCTS_DIR; };
		317BFA1728581DB300955E68 /* test_appTests.swift */ = {isa = PBXFileReference; lastKnownFileType = sourcecode.swift; path = test_appTests.swift; sourceTree = "<group>"; };
		317BFA1D28581DB300955E68 /* test-appUITests.xctest */ = {isa = PBXFileReference; explicitFileType = wrapper.cfbundle; includeInIndex = 0; path = "test-appUITests.xctest"; sourceTree = BUILT_PRODUCTS_DIR; };
		317BFA2128581DB300955E68 /* test_appUITests.swift */ = {isa = PBXFileReference; lastKnownFileType = sourcecode.swift; path = test_appUITests.swift; sourceTree = "<group>"; };
		317BFA2328581DB300955E68 /* test_appUITestsLaunchTests.swift */ = {isa = PBXFileReference; lastKnownFileType = sourcecode.swift; path = test_appUITestsLaunchTests.swift; sourceTree = "<group>"; };
/* End PBXFileReference section */

/* Begin PBXFrameworksBuildPhase section */
		317BF9FF28581DB100955E68 /* Frameworks */ = {
			isa = PBXFrameworksBuildPhase;
			buildActionMask = 2147483647;
			files = (
			);
			runOnlyForDeploymentPostprocessing = 0;
		};
		317BFA1028581DB300955E68 /* Frameworks */ = {
			isa = PBXFrameworksBuildPhase;
			buildActionMask = 2147483647;
			files = (
			);
			runOnlyForDeploymentPostprocessing = 0;
		};
		317BFA1A28581DB300955E68 /* Frameworks */ = {
			isa = PBXFrameworksBuildPhase;
			buildActionMask = 2147483647;
			files = (
			);
			runOnlyForDeploymentPostprocessing = 0;
		};
/* End PBXFrameworksBuildPhase section */

/* Begin PBXGroup section */
		317BF9F928581DB100955E68 = {
			isa = PBXGroup;
			children = (
				317BFA0428581DB100955E68 /* test-app */,
				317BFA1628581DB300955E68 /* test-appTests */,
				317BFA2028581DB300955E68 /* test-appUITests */,
				317BFA0328581DB100955E68 /* Products */,
			);
			sourceTree = "<group>";
		};
		317BFA0328581DB100955E68 /* Products */ = {
			isa = PBXGroup;
			children = (
				317BFA0228581DB100955E68 /* test-app.app */,
				317BFA1328581DB300955E68 /* test-appTests.xctest */,
				317BFA1D28581DB300955E68 /* test-appUITests.xctest */,
			);
			name = Products;
			sourceTree = "<group>";
		};
		317BFA0428581DB100955E68 /* test-app */ = {
			isa = PBXGroup;
			children = (
				317BFA0528581DB100955E68 /* test_appApp.swift */,
				317BFA0728581DB100955E68 /* ContentView.swift */,
				317BFA0928581DB300955E68 /* Assets.xcassets */,
				317BFA0E28581DB300955E68 /* test_app.entitlements */,
				317BFA0B28581DB300955E68 /* Preview Content */,
			);
			path = "test-app";
			sourceTree = "<group>";
		};
		317BFA0B28581DB300955E68 /* Preview Content */ = {
			isa = PBXGroup;
			children = (
				317BFA0C28581DB300955E68 /* Preview Assets.xcassets */,
			);
			path = "Preview Content";
			sourceTree = "<group>";
		};
		317BFA1628581DB300955E68 /* test-appTests */ = {
			isa = PBXGroup;
			children = (
				317BFA1728581DB300955E68 /* test_appTests.swift */,
			);
			path = "test-appTests";
			sourceTree = "<group>";
		};
		317BFA2028581DB300955E68 /* test-appUITests */ = {
			isa = PBXGroup;
			children = (
				317BFA2128581DB300955E68 /* test_appUITests.swift */,
				317BFA2328581DB300955E68 /* test_appUITestsLaunchTests.swift */,
			);
			path = "test-appUITests";
			sourceTree = "<group>";
		};
/* End PBXGroup section */

/* Begin PBXNativeTarget section */
		317BFA0128581DB100955E68 /* test-app */ = {
			isa = PBXNativeTarget;
			buildConfigurationList = 317BFA2728581DB300955E68 /* Build configuration list for PBXNativeTarget "test-app" */;
			buildPhases = (
				317BF9FE28581DB100955E68 /* Sources */,
				317BF9FF28581DB100955E68 /* Frameworks */,
				317BFA0028581DB100955E68 /* Resources */,
			);
			buildRules = (
			);
			dependencies = (
			);
			name = "test-app";
			productName = "test-app";
			productReference = 317BFA0228581DB100955E68 /* test-app.app */;
			productType = "com.apple.product-type.application";
		};
		317BFA1228581DB300955E68 /* test-appTests */ = {
			isa = PBXNativeTarget;
			buildConfigurationList = 317BFA2A28581DB300955E68 /* Build configuration list for PBXNativeTarget "test-appTests" */;
			buildPhases = (
				317BFA0F28581DB300955E68 /* Sources */,
				317BFA1028581DB300955E68 /* Frameworks */,
				317BFA1128581DB300955E68 /* Resources */,
			);
			buildRules = (
			);
			dependencies = (
				317BFA1528581DB300955E68 /* PBXTargetDependency */,
			);
			name = "test-appTests";
			productName = "test-appTests";
			productReference = 317BFA1328581DB300955E68 /* test-appTests.xctest */;
			productType = "com.apple.product-type.bundle.unit-test";
		};
		317BFA1C28581DB300955E68 /* test-appUITests */ = {
			isa = PBXNativeTarget;
			buildConfigurationList = 317BFA2D28581DB300955E68 /* Build configuration list for PBXNativeTarget "test-appUITests" */;
			buildPhases = (
				317BFA1928581DB300955E68 /* Sources */,
				317BFA1A28581DB300955E68 /* Frameworks */,
				317BFA1B28581DB300955E68 /* Resources */,
			);
			buildRules = (
			);
			dependencies = (
				317BFA1F28581DB300955E68 /* PBXTargetDependency */,
			);
			name = "test-appUITests";
			productName = "test-appUITests";
			productReference = 317BFA1D28581DB300955E68 /* test-appUITests.xctest */;
			productType = "com.apple.product-type.bundle.ui-testing";
		};
/* End PBXNativeTarget section */

/* Begin PBXProject section */
		317BF9FA28581DB100955E68 /* Project object */ = {
			isa = PBXProject;
			attributes = {
				BuildIndependentTargetsInParallel = 1;
				LastSwiftUpdateCheck = 1330;
				LastUpgradeCheck = 1330;
				TargetAttributes = {
					317BFA0128581DB100955E68 = {
						CreatedOnToolsVersion = 13.3.1;
					};
					317BFA1228581DB300955E68 = {
						CreatedOnToolsVersion = 13.3.1;
						TestTargetID = 317BFA0128581DB100955E68;
					};
					317BFA1C28581DB300955E68 = {
						CreatedOnToolsVersion = 13.3.1;
						TestTargetID = 317BFA0128581DB100955E68;
					};
				};
			};
			buildConfigurationList = 317BF9FD28581DB100955E68 /* Build configuration list for PBXProject "test-app" */;
			compatibilityVersion = "Xcode 13.0";
			developmentRegion = en;
			hasScannedForEncodings = 0;
			knownRegions = (
				en,
				Base,
			);
			mainGroup = 317BF9F928581DB100955E68;
			productRefGroup = 317BFA0328581DB100955E68 /* Products */;
			projectDirPath = "";
			projectRoot = "";
			targets = (
				317BFA0128581DB100955E68 /* test-app */,
				317BFA1228581DB300955E68 /* test-appTests */,
				317BFA1C28581DB300955E68 /* test-appUITests */,
			);
		};
/* End PBXProject section */

/* Begin PBXResourcesBuildPhase section */
		317BFA0028581DB100955E68 /* Resources */ = {
			isa = PBXResourcesBuildPhase;
			buildActionMask = 2147483647;
			files = (
				317BFA0D28581DB300955E68 /* Preview Assets.xcassets in Resources */,
				317BFA0A28581DB300955E68 /* Assets.xcassets in Resources */,
			);
			runOnlyForDeploymentPostprocessing = 0;
		};
		317BFA1128581DB300955E68 /* Resources */ = {
			isa = PBXResourcesBuildPhase;
			buildActionMask = 2147483647;
			files = (
			);
			runOnlyForDeploymentPostprocessing = 0;
		};
		317BFA1B28581DB300955E68 /* Resources */ = {
			isa = PBXResourcesBuildPhase;
			buildActionMask = 2147483647;
			files = (
			);
			runOnlyForDeploymentPostprocessing = 0;
		};
/* End PBXResourcesBuildPhase section */

/* Begin PBXSourcesBuildPhase section */
		317BF9FE28581DB100955E68 /* Sources */ = {
			isa = PBXSourcesBuildPhase;
			buildActionMask = 2147483647;
			files = (
				317BFA0828581DB100955E68 /* ContentView.swift in Sources */,
				317BFA0628581DB100955E68 /* test_appApp.swift in Sources */,
			);
			runOnlyForDeploymentPostprocessing = 0;
		};
		317BFA0F28581DB300955E68 /* Sources */ = {
			isa = PBXSourcesBuildPhase;
			buildActionMask = 2147483647;
			files = (
				317BFA1828581DB300955E68 /* test_appTests.swift in Sources */,
			);
			runOnlyForDeploymentPostprocessing = 0;
		};
		317BFA1928581DB300955E68 /* Sources */ = {
			isa = PBXSourcesBuildPhase;
			buildActionMask = 2147483647;
			files = (
				317BFA2428581DB300955E68 /* test_appUITestsLaunchTests.swift in Sources */,
				317BFA2228581DB300955E68 /* test_appUITests.swift in Sources */,
			);
			runOnlyForDeploymentPostprocessing = 0;
		};
/* End PBXSourcesBuildPhase section */

/* Begin PBXTargetDependency section */
		317BFA1528581DB300955E68 /* PBXTargetDependency */ = {
			isa = PBXTargetDependency;
			target = 317BFA0128581DB100955E68 /* test-app */;
			targetProxy = 317BFA1428581DB300955E68 /* PBXContainerItemProxy */;
		};
		317BFA1F28581DB300955E68 /* PBXTargetDependency */ = {
			isa = PBXTargetDependency;
			target = 317BFA0128581DB100955E68 /* test-app */;
			targetProxy = 317BFA1E28581DB300955E68 /* PBXContainerItemProxy */;
		};
/* End PBXTargetDependency section */

/* Begin XCBuildConfiguration section */
		317BFA2528581DB300955E68 /* Debug */ = {
			isa = XCBuildConfiguration;
			buildSettings = {
				ALWAYS_SEARCH_USER_PATHS = NO;
				CLANG_ANALYZER_NONNULL = YES;
				CLANG_ANALYZER_NUMBER_OBJECT_CONVERSION = YES_AGGRESSIVE;
				CLANG_CXX_LANGUAGE_STANDARD = "gnu++17";
				CLANG_ENABLE_MODULES = YES;
				CLANG_ENABLE_OBJC_ARC = YES;
				CLANG_ENABLE_OBJC_WEAK = YES;
				CLANG_WARN_BLOCK_CAPTURE_AUTORELEASING = YES;
				CLANG_WARN_BOOL_CONVERSION = YES;
				CLANG_WARN_COMMA = YES;
				CLANG_WARN_CONSTANT_CONVERSION = YES;
				CLANG_WARN_DEPRECATED_OBJC_IMPLEMENTATIONS = YES;
				CLANG_WARN_DIRECT_OBJC_ISA_USAGE = YES_ERROR;
				CLANG_WARN_DOCUMENTATION_COMMENTS = YES;
				CLANG_WARN_EMPTY_BODY = YES;
				CLANG_WARN_ENUM_CONVERSION = YES;
				CLANG_WARN_INFINITE_RECURSION = YES;
				CLANG_WARN_INT_CONVERSION = YES;
				CLANG_WARN_NON_LITERAL_NULL_CONVERSION = YES;
				CLANG_WARN_OBJC_IMPLICIT_RETAIN_SELF = YES;
				CLANG_WARN_OBJC_LITERAL_CONVERSION = YES;
				CLANG_WARN_OBJC_ROOT_CLASS = YES_ERROR;
				CLANG_WARN_QUOTED_INCLUDE_IN_FRAMEWORK_HEADER = YES;
				CLANG_WARN_RANGE_LOOP_ANALYSIS = YES;
				CLANG_WARN_STRICT_PROTOTYPES = YES;
				CLANG_WARN_SUSPICIOUS_MOVE = YES;
				CLANG_WARN_UNGUARDED_AVAILABILITY = YES_AGGRESSIVE;
				CLANG_WARN_UNREACHABLE_CODE = YES;
				CLANG_WARN__DUPLICATE_METHOD_MATCH = YES;
				COPY_PHASE_STRIP = NO;
				DEBUG_INFORMATION_FORMAT = dwarf;
				ENABLE_STRICT_OBJC_MSGSEND = YES;
				ENABLE_TESTABILITY = YES;
				GCC_C_LANGUAGE_STANDARD = gnu11;
				GCC_DYNAMIC_NO_PIC = NO;
				GCC_NO_COMMON_BLOCKS = YES;
				GCC_OPTIMIZATION_LEVEL = 0;
				GCC_PREPROCESSOR_DEFINITIONS = (
					"DEBUG=1",
					"$(inherited)",
				);
				GCC_WARN_64_TO_32_BIT_CONVERSION = YES;
				GCC_WARN_ABOUT_RETURN_TYPE = YES_ERROR;
				GCC_WARN_UNDECLARED_SELECTOR = YES;
				GCC_WARN_UNINITIALIZED_AUTOS = YES_AGGRESSIVE;
				GCC_WARN_UNUSED_FUNCTION = YES;
				GCC_WARN_UNUSED_VARIABLE = YES;
				MACOSX_DEPLOYMENT_TARGET = 12.3;
				MTL_ENABLE_DEBUG_INFO = INCLUDE_SOURCE;
				MTL_FAST_MATH = YES;
				ONLY_ACTIVE_ARCH = YES;
				SDKROOT = macosx;
				SWIFT_ACTIVE_COMPILATION_CONDITIONS = DEBUG;
				SWIFT_OPTIMIZATION_LEVEL = "-Onone";
			};
			name = Debug;
		};
		317BFA2628581DB300955E68 /* Release */ = {
			isa = XCBuildConfiguration;
			buildSettings = {
				ALWAYS_SEARCH_USER_PATHS = NO;
				CLANG_ANALYZER_NONNULL = YES;
				CLANG_ANALYZER_NUMBER_OBJECT_CONVERSION = YES_AGGRESSIVE;
				CLANG_CXX_LANGUAGE_STANDARD = "gnu++17";
				CLANG_ENABLE_MODULES = YES;
				CLANG_ENABLE_OBJC_ARC = YES;
				CLANG_ENABLE_OBJC_WEAK = YES;
				CLANG_WARN_BLOCK_CAPTURE_AUTORELEASING = YES;
				CLANG_WARN_BOOL_CONVERSION = YES;
				CLANG_WARN_COMMA = YES;
				CLANG_WARN_CONSTANT_CONVERSION = YES;
				CLANG_WARN_DEPRECATED_OBJC_IMPLEMENTATIONS = YES;
				CLANG_WARN_DIRECT_OBJC_ISA_USAGE = YES_ERROR;
				CLANG_WARN_DOCUMENTATION_COMMENTS = YES;
				CLANG_WARN_EMPTY_BODY = YES;
				CLANG_WARN_ENUM_CONVERSION = YES;
				CLANG_WARN_INFINITE_RECURSION = YES;
				CLANG_WARN_INT_CONVERSION = YES;
				CLANG_WARN_NON_LITERAL_NULL_CONVERSION = YES;
				CLANG_WARN_OBJC_IMPLICIT_RETAIN_SELF = YES;
				CLANG_WARN_OBJC_LITERAL_CONVERSION = YES;
				CLANG_WARN_OBJC_ROOT_CLASS = YES_ERROR;
				CLANG_WARN_QUOTED_INCLUDE_IN_FRAMEWORK_HEADER = YES;
				CLANG_WARN_RANGE_LOOP_ANALYSIS = YES;
				CLANG_WARN_STRICT_PROTOTYPES = YES;
				CLANG_WARN_SUSPICIOUS_MOVE = YES;
				CLANG_WARN_UNGUARDED_AVAILABILITY = YES_AGGRESSIVE;
				CLANG_WARN_UNREACHABLE_CODE = YES;
				CLANG_WARN__DUPLICATE_METHOD_MATCH = YES;
				COPY_PHASE_STRIP = NO;
				DEBUG_INFORMATION_FORMAT = "dwarf-with-dsym";
				ENABLE_NS_ASSERTIONS = NO;
				ENABLE_STRICT_OBJC_MSGSEND = YES;
				GCC_C_LANGUAGE_STANDARD = gnu11;
				GCC_NO_COMMON_BLOCKS = YES;
				GCC_WARN_64_TO_32_BIT_CONVERSION = YES;
				GCC_WARN_ABOUT_RETURN_TYPE = YES_ERROR;
				GCC_WARN_UNDECLARED_SELECTOR = YES;
				GCC_WARN_UNINITIALIZED_AUTOS = YES_AGGRESSIVE;
				GCC_WARN_UNUSED_FUNCTION = YES;
				GCC_WARN_UNUSED_VARIABLE = YES;
				MACOSX_DEPLOYMENT_TARGET = 12.3;
				MTL_ENABLE_DEBUG_INFO = NO;
				MTL_FAST_MATH = YES;
				SDKROOT = macosx;
				SWIFT_COMPILATION_MODE = wholemodule;
				SWIFT_OPTIMIZATION_LEVEL = "-O";
			};
			name = Release;
		};
		317BFA2828581DB300955E68 /* Debug */ = {
			isa = XCBuildConfiguration;
			buildSettings = {
				ASSETCATALOG_COMPILER_APPICON_NAME = AppIcon;
				ASSETCATALOG_COMPILER_GLOBAL_ACCENT_COLOR_NAME = AccentColor;
				CODE_SIGN_ENTITLEMENTS = "test-app/test_app.entitlements";
				CODE_SIGN_STYLE = Automatic;
				COMBINE_HIDPI_IMAGES = YES;
				CURRENT_PROJECT_VERSION = 1;
				DEVELOPMENT_ASSET_PATHS = "\"test-app/Preview Content\"";
				ENABLE_PREVIEWS = YES;
				GENERATE_INFOPLIST_FILE = YES;
				INFOPLIST_KEY_NSHumanReadableCopyright = "";
				LD_RUNPATH_SEARCH_PATHS = (
					"$(inherited)",
					"@executable_path/../Frameworks",
				);
				MARKETING_VERSION = 1.0;
				PRODUCT_BUNDLE_IDENTIFIER = "myfirst.test-app";
				PRODUCT_NAME = "$(TARGET_NAME)";
				SWIFT_EMIT_LOC_STRINGS = YES;
				SWIFT_VERSION = 5.0;
			};
			name = Debug;
		};
		317BFA2928581DB300955E68 /* Release */ = {
			isa = XCBuildConfiguration;
			buildSettings = {
				ASSETCATALOG_COMPILER_APPICON_NAME = AppIcon;
				ASSETCATALOG_COMPILER_GLOBAL_ACCENT_COLOR_NAME = AccentColor;
				CODE_SIGN_ENTITLEMENTS = "test-app/test_app.entitlements";
				CODE_SIGN_STYLE = Automatic;
				COMBINE_HIDPI_IMAGES = YES;
				CURRENT_PROJECT_VERSION = 1;
				DEVELOPMENT_ASSET_PATHS = "\"test-app/Preview Content\"";
				ENABLE_PREVIEWS = YES;
				GENERATE_INFOPLIST_FILE = YES;
				INFOPLIST_KEY_NSHumanReadableCopyright = "";
				LD_RUNPATH_SEARCH_PATHS = (
					"$(inherited)",
					"@executable_path/../Frameworks",
				);
				MARKETING_VERSION = 1.0;
				PRODUCT_BUNDLE_IDENTIFIER = "myfirst.test-app";
				PRODUCT_NAME = "$(TARGET_NAME)";
				SWIFT_EMIT_LOC_STRINGS = YES;
				SWIFT_VERSION = 5.0;
			};
			name = Release;
		};
		317BFA2B28581DB300955E68 /* Debug */ = {
			isa = XCBuildConfiguration;
			buildSettings = {
				ALWAYS_EMBED_SWIFT_STANDARD_LIBRARIES = YES;
				BUNDLE_LOADER = "$(TEST_HOST)";
				CODE_SIGN_STYLE = Automatic;
				CURRENT_PROJECT_VERSION = 1;
				GENERATE_INFOPLIST_FILE = YES;
				MACOSX_DEPLOYMENT_TARGET = 12.3;
				MARKETING_VERSION = 1.0;
				PRODUCT_BUNDLE_IDENTIFIER = "myfirst.test-appTests";
				PRODUCT_NAME = "$(TARGET_NAME)";
				SWIFT_EMIT_LOC_STRINGS = NO;
				SWIFT_VERSION = 5.0;
				TEST_HOST = "$(BUILT_PRODUCTS_DIR)/test-app.app/Contents/MacOS/test-app";
			};
			name = Debug;
		};
		317BFA2C28581DB300955E68 /* Release */ = {
			isa = XCBuildConfiguration;
			buildSettings = {
				ALWAYS_EMBED_SWIFT_STANDARD_LIBRARIES = YES;
				BUNDLE_LOADER = "$(TEST_HOST)";
				CODE_SIGN_STYLE = Automatic;
				CURRENT_PROJECT_VERSION = 1;
				GENERATE_INFOPLIST_FILE = YES;
				MACOSX_DEPLOYMENT_TARGET = 12.3;
				MARKETING_VERSION = 1.0;
				PRODUCT_BUNDLE_IDENTIFIER = "myfirst.test-appTests";
				PRODUCT_NAME = "$(TARGET_NAME)";
				SWIFT_EMIT_LOC_STRINGS = NO;
				SWIFT_VERSION = 5.0;
				TEST_HOST = "$(BUILT_PRODUCTS_DIR)/test-app.app/Contents/MacOS/test-app";
			};
			name = Release;
		};
		317BFA2E28581DB300955E68 /* Debug */ = {
			isa = XCBuildConfiguration;
			buildSettings = {
				ALWAYS_EMBED_SWIFT_STANDARD_LIBRARIES = YES;
				CODE_SIGN_STYLE = Automatic;
				CURRENT_PROJECT_VERSION = 1;
				GENERATE_INFOPLIST_FILE = YES;
				MARKETING_VERSION = 1.0;
				PRODUCT_BUNDLE_IDENTIFIER = "myfirst.test-appUITests";
				PRODUCT_NAME = "$(TARGET_NAME)";
				SWIFT_EMIT_LOC_STRINGS = NO;
				SWIFT_VERSION = 5.0;
				TEST_TARGET_NAME = "test-app";
			};
			name = Debug;
		};
		317BFA2F28581DB300955E68 /* Release */ = {
			isa = XCBuildConfiguration;
			buildSettings = {
				ALWAYS_EMBED_SWIFT_STANDARD_LIBRARIES = YES;
				CODE_SIGN_STYLE = Automatic;
				CURRENT_PROJECT_VERSION = 1;
				GENERATE_INFOPLIST_FILE = YES;
				MARKETING_VERSION = 1.0;
				PRODUCT_BUNDLE_IDENTIFIER = "myfirst.test-appUITests";
				PRODUCT_NAME = "$(TARGET_NAME)";
				SWIFT_EMIT_LOC_STRINGS = NO;
				SWIFT_VERSION = 5.0;
				TEST_TARGET_NAME = "test-app";
			};
			name = Release;
		};
/* End XCBuildConfiguration section */

/* Begin XCConfigurationList section */
		317BF9FD28581DB100955E68 /* Build configuration list for PBXProject "test-app" */ = {
			isa = XCConfigurationList;
			buildConfigurations = (
				317BFA2528581DB300955E68 /* Debug */,
				317BFA2628581DB300955E68 /* Release */,
			);
			defaultConfigurationIsVisible = 0;
			defaultConfigurationName = Release;
		};
		317BFA2728581DB300955E68 /* Build configuration list for PBXNativeTarget "test-app" */ = {
			isa = XCConfigurationList;
			buildConfigurations = (
				317BFA2828581DB300955E68 /* Debug */,
				317BFA2928581DB300955E68 /* Release */,
			);
			defaultConfigurationIsVisible = 0;
			defaultConfigurationName = Release;
		};
		317BFA2A28581DB300955E68 /* Build configuration list for PBXNativeTarget "test-appTests" */ = {
			isa = XCConfigurationList;
			buildConfigurations = (
				317BFA2B28581DB300955E68 /* Debug */,
				317BFA2C28581DB300955E68 /* Release */,
			);
			defaultConfigurationIsVisible = 0;
			defaultConfigurationName = Release;
		};
		317BFA2D28581DB300955E68 /* Build configuration list for PBXNativeTarget "test-appUITests" */ = {
			isa = XCConfigurationList;
			buildConfigurations = (
				317BFA2E28581DB300955E68 /* Debug */,
				317BFA2F28581DB300955E68 /* Release */,
			);
			defaultConfigurationIsVisible = 0;
			defaultConfigurationName = Release;
		};
/* End XCConfigurationList section */
	};
	rootObject = 317BF9FA28581DB100955E68 /* Project object */;
}
